Microsoft Visual Studio Solution File, Format Version 12.00
# Visual Studio Version 17
VisualStudioVersion = 17.13.35828.75
MinimumVisualStudioVersion = 10.0.40219.1
Project("{FAE04EC0-301F-11D3-BF4B-00C04F79EFBC}") = "backend", "backend.csproj", "{8360B9E9-E415-4217-9FDD-92900F26B820}"
EndProject
Global
	GlobalSection(SolutionConfigurationPlatforms) = preSolution
		Debug|Any CPU = Debug|Any CPU
		Release|Any CPU = Release|Any CPU
	EndGlobalSection
	GlobalSection(ProjectConfigurationPlatforms) = postSolution
		{8360B9E9-E415-4217-9FDD-92900F26B820}.Debug|Any CPU.ActiveCfg = Debug|Any CPU
		{8360B9E9-E415-4217-9FDD-92900F26B820}.Debug|Any CPU.Build.0 = Debug|Any CPU
		{8360B9E9-E415-4217-9FDD-92900F26B820}.Release|Any CPU.ActiveCfg = Release|Any CPU
		{8360B9E9-E415-4217-9FDD-92900F26B820}.Release|Any CPU.Build.0 = Release|Any CPU
	EndGlobalSection
	GlobalSection(SolutionProperties) = preSolution
		HideSolutionNode = FALSE
	EndGlobalSection
	GlobalSection(ExtensibilityGlobals) = postSolution
		SolutionGuid = {03E7C385-4985-45BF-8162-9444A9B35C6C}
	EndGlobalSection
EndGlobal
